
Microsoft Visual Studio Solution File, Format Version 12.00
# Visual Studio 15
VisualStudioVersion = 15.0.28307.779
MinimumVisualStudioVersion = 10.0.40219.1
Project("{FAE04EC0-301F-11D3-BF4B-00C04F79EFBC}") = "jhonata.lopes_Prova2", "jhonata.lopes_Prova2\jhonata.lopes_Prova2.csproj", "{C3F19457-A51F-486C-AC10-1DDF2002E37D}"
EndProject
Global
	GlobalSection(SolutionConfigurationPlatforms) = preSolution
		Debug|Any CPU = Debug|Any CPU
		Release|Any CPU = Release|Any CPU
	EndGlobalSection
	GlobalSection(ProjectConfigurationPlatforms) = postSolution
		{C3F19457-A51F-486C-AC10-1DDF2002E37D}.Debug|Any CPU.ActiveCfg = Debug|Any CPU
		{C3F19457-A51F-486C-AC10-1DDF2002E37D}.Debug|Any CPU.Build.0 = Debug|Any CPU
		{C3F19457-A51F-486C-AC10-1DDF2002E37D}.Release|Any CPU.ActiveCfg = Release|Any CPU
		{C3F19457-A51F-486C-AC10-1DDF2002E37D}.Release|Any CPU.Build.0 = Release|Any CPU
	EndGlobalSection
	GlobalSection(SolutionProperties) = preSolution
		HideSolutionNode = FALSE
	EndGlobalSection
	GlobalSection(ExtensibilityGlobals) = postSolution
		SolutionGuid = {061F2B97-BF54-46A1-BD39-BFF764C70332}
	EndGlobalSection
EndGlobal
